
Microsoft Visual Studio Solution File, Format Version 12.00
# Visual Studio Version 17
VisualStudioVersion = 17.7.34009.444
MinimumVisualStudioVersion = 10.0.40219.1
Project("{9A19103F-16F7-4668-BE54-9A1E7A4F7556}") = "LanchesMac", "LanchesMac\LanchesMac.csproj", "{61782470-530F-4BF9-82B2-99CFED294AD8}"
EndProject
Global
	GlobalSection(SolutionConfigurationPlatforms) = preSolution
		Debug|Any CPU = Debug|Any CPU
		Release|Any CPU = Release|Any CPU
	EndGlobalSection
	GlobalSection(ProjectConfigurationPlatforms) = postSolution
		{61782470-530F-4BF9-82B2-99CFED294AD8}.Debug|Any CPU.ActiveCfg = Debug|Any CPU
		{61782470-530F-4BF9-82B2-99CFED294AD8}.Debug|Any CPU.Build.0 = Debug|Any CPU
		{61782470-530F-4BF9-82B2-99CFED294AD8}.Release|Any CPU.ActiveCfg = Release|Any CPU
		{61782470-530F-4BF9-82B2-99CFED294AD8}.Release|Any CPU.Build.0 = Release|Any CPU
	EndGlobalSection
	GlobalSection(SolutionProperties) = preSolution
		HideSolutionNode = FALSE
	EndGlobalSection
	GlobalSection(ExtensibilityGlobals) = postSolution
		SolutionGuid = {A8509F0C-0383-4087-9691-802D9041FB2B}
	EndGlobalSection
EndGlobal
